{
  "name": "lab58-cache-demo",
  "version": "1.0.0",
  "lockfileVersion": 2,
  "requires": True,
  "packages": {
    "": {
      "name": "lab58-cache-demo",
      "version": "1.0.0",
      "license": "MIT",
      "dependencies": {
        "dayjs": "^1.11.11",
        "lodash": "^4.17.21"
      }
    },
    "node_modules/dayjs": {
      "version": "1.11.11",
      "resolved": "https://registry.npmjs.org/dayjs/-/dayjs-1.11.11.tgz",
      "integrity": "sha512-n7F3C2YZjO6lN0eZZ+j9RnBbTK1Z4qVaki3P6KyHR+Y6z+4PSJVpaz6RtZpmjHtkobaN6D+PfYZ7R6POjISi1w=="
    },
    "node_modules/lodash": {
      "version": "4.17.21",
      "resolved": "https://registry.npmjs.org/lodash/-/lodash-4.17.21.tgz",
      "integrity": "sha512-v2kDEUA9fJ0y0vxL2lR3Q6ttuPAHyx+Kp3A5s3UeJ+1z1vTfp14R/2uOeGZ5ER5YjZ2Cx5C4m88xZ9Qdqg5bHQ=="
    }
  },
  "dependencies": {
    "dayjs": {
      "version": "1.11.11",
      "resolved": "https://registry.npmjs.org/dayjs/-/dayjs-1.11.11.tgz",
      "integrity": "sha512-n7F3C2YZjO6lN0eZZ+j9RnBbTK1Z4qVaki3P6KyHR+Y6z+4PSJVpaz6RtZpmjHtkobaN6D+PfYZ7R6POjISi1w==",
      "requires": {}
    },
    "lodash": {
      "version": "4.17.21",
      "resolved": "https://registry.npmjs.org/lodash/-/lodash-4.17.21.tgz",
      "integrity": "sha512-v2kDEUA9fJ0y0vxL2lR3Q6ttuPAHyx+Kp3A5s3UeJ+1z1vTfp14R/2uOeGZ5ER5YjZ2Cx5C4m88xZ9Qdqg5bHQ==",
      "requires": {}
    }
  }
}
